
Microsoft Visual Studio Solution File, Format Version 12.00
# Visual Studio Version 17
VisualStudioVersion = 17.7.34003.232
MinimumVisualStudioVersion = 10.0.40219.1
Project("{FAE04EC0-301F-11D3-BF4B-00C04F79EFBC}") = "Lista_02", "Lista_02.csproj", "{0C5F334F-46E7-4482-8304-123F2D738B8E}"
EndProject
Global
	GlobalSection(SolutionConfigurationPlatforms) = preSolution
		Debug|Any CPU = Debug|Any CPU
		Release|Any CPU = Release|Any CPU
	EndGlobalSection
	GlobalSection(ProjectConfigurationPlatforms) = postSolution
		{0C5F334F-46E7-4482-8304-123F2D738B8E}.Debug|Any CPU.ActiveCfg = Debug|Any CPU
		{0C5F334F-46E7-4482-8304-123F2D738B8E}.Debug|Any CPU.Build.0 = Debug|Any CPU
		{0C5F334F-46E7-4482-8304-123F2D738B8E}.Release|Any CPU.ActiveCfg = Release|Any CPU
		{0C5F334F-46E7-4482-8304-123F2D738B8E}.Release|Any CPU.Build.0 = Release|Any CPU
	EndGlobalSection
	GlobalSection(SolutionProperties) = preSolution
		HideSolutionNode = FALSE
	EndGlobalSection
	GlobalSection(ExtensibilityGlobals) = postSolution
		SolutionGuid = {FCAA2144-2E5E-4A06-9EDC-F6CE5F1ACCEB}
	EndGlobalSection
EndGlobal
