
Microsoft Visual Studio Solution File, Format Version 12.00
# Visual Studio Version 17
VisualStudioVersion = 17.7.34003.232
MinimumVisualStudioVersion = 10.0.40219.1
Project("{FAE04EC0-301F-11D3-BF4B-00C04F79EFBC}") = "Lista_01", "Lista_01.csproj", "{40E94AAB-7A5F-451F-953F-285F62A35A6C}"
EndProject
Global
	GlobalSection(SolutionConfigurationPlatforms) = preSolution
		Debug|Any CPU = Debug|Any CPU
		Release|Any CPU = Release|Any CPU
	EndGlobalSection
	GlobalSection(ProjectConfigurationPlatforms) = postSolution
		{40E94AAB-7A5F-451F-953F-285F62A35A6C}.Debug|Any CPU.ActiveCfg = Debug|Any CPU
		{40E94AAB-7A5F-451F-953F-285F62A35A6C}.Debug|Any CPU.Build.0 = Debug|Any CPU
		{40E94AAB-7A5F-451F-953F-285F62A35A6C}.Release|Any CPU.ActiveCfg = Release|Any CPU
		{40E94AAB-7A5F-451F-953F-285F62A35A6C}.Release|Any CPU.Build.0 = Release|Any CPU
	EndGlobalSection
	GlobalSection(SolutionProperties) = preSolution
		HideSolutionNode = FALSE
	EndGlobalSection
	GlobalSection(ExtensibilityGlobals) = postSolution
		SolutionGuid = {0449ACD2-6FD4-4F86-9C34-E1F7042CC0B7}
	EndGlobalSection
EndGlobal
